
Microsoft Visual Studio Solution File, Format Version 12.00
# Visual Studio Version 16
VisualStudioVersion = 16.0.29806.167
MinimumVisualStudioVersion = 10.0.40219.1
Project("{FAE04EC0-301F-11D3-BF4B-00C04F79EFBC}") = "SavchenkoYuliia.RobotChallenge", "SavchenkoYuliia.RobotChallenge.csproj", "{D3EABEA3-F38F-4192-AD0A-995B86428347}"
EndProject
Project("{FAE04EC0-301F-11D3-BF4B-00C04F79EFBC}") = "SavchenkoYuliia.RobotChallenge.Test", "..\SavchenkoYuliia.RobotChallenge.Test\SavchenkoYuliia.RobotChallenge.Test.csproj", "{66D01605-6D1D-47E9-91F7-70A9B4457543}"
EndProject
Global
	GlobalSection(SolutionConfigurationPlatforms) = preSolution
		Debug|Any CPU = Debug|Any CPU
		Release|Any CPU = Release|Any CPU
	EndGlobalSection
	GlobalSection(ProjectConfigurationPlatforms) = postSolution
		{D3EABEA3-F38F-4192-AD0A-995B86428347}.Debug|Any CPU.ActiveCfg = Debug|Any CPU
		{D3EABEA3-F38F-4192-AD0A-995B86428347}.Debug|Any CPU.Build.0 = Debug|Any CPU
		{D3EABEA3-F38F-4192-AD0A-995B86428347}.Release|Any CPU.ActiveCfg = Release|Any CPU
		{D3EABEA3-F38F-4192-AD0A-995B86428347}.Release|Any CPU.Build.0 = Release|Any CPU
		{66D01605-6D1D-47E9-91F7-70A9B4457543}.Debug|Any CPU.ActiveCfg = Debug|Any CPU
		{66D01605-6D1D-47E9-91F7-70A9B4457543}.Debug|Any CPU.Build.0 = Debug|Any CPU
		{66D01605-6D1D-47E9-91F7-70A9B4457543}.Release|Any CPU.ActiveCfg = Release|Any CPU
		{66D01605-6D1D-47E9-91F7-70A9B4457543}.Release|Any CPU.Build.0 = Release|Any CPU
	EndGlobalSection
	GlobalSection(SolutionProperties) = preSolution
		HideSolutionNode = FALSE
	EndGlobalSection
	GlobalSection(ExtensibilityGlobals) = postSolution
		SolutionGuid = {F16CB4A5-9ACC-4E9E-B9EC-86232E805363}
	EndGlobalSection
EndGlobal
